<?xml version="1.0" encoding="utf-8"?>
<Project ToolsVersion="4.0" xmlns="http://schemas.microsoft.com/developer/msbuild/2003">
  <ItemGroup>
    <Filter Include="소스 파일">
      <UniqueIdentifier>{4FC737F1-C7A5-4376-A066-2A32D752A2FF}</UniqueIdentifier>
      <Extensions>cpp;c;cc;cxx;c++;cppm;ixx;def;odl;idl;hpj;bat;asm;asmx</Extensions>
    </Filter>
    <Filter Include="헤더 파일">
      <UniqueIdentifier>{93995380-89BD-4b04-88EB-625FBE52EBFB}</UniqueIdentifier>
      <Extensions>h;hh;hpp;hxx;h++;hm;inl;inc;ipp;xsd</Extensions>
    </Filter>
    <Filter Include="리소스 파일">
      <UniqueIdentifier>{67DA6AB6-F800-4c08-8B7A-83BB121AAD01}</UniqueIdentifier>
      <Extensions>rc;ico;cur;bmp;dlg;rc2;rct;bin;rgs;gif;jpg;jpeg;jpe;resx;tiff;tif;png;wav;mfcribbon-ms</Extensions>
    </Filter>
  </ItemGroup>
  <ItemGroup>
    <ClInclude Include="UnityModeler.h">
      <Filter>헤더 파일</Filter>
    </ClInclude>
    <ClInclude Include="UnityModelerDlg.h">
      <Filter>헤더 파일</Filter>
    </ClInclude>
    <ClInclude Include="framework.h">
      <Filter>헤더 파일</Filter>
    </ClInclude>
    <ClInclude Include="targetver.h">
      <Filter>헤더 파일</Filter>
    </ClInclude>
    <ClInclude Include="Resource.h">
      <Filter>헤더 파일</Filter>
    </ClInclude>
    <ClInclude Include="pch.h">
      <Filter>헤더 파일</Filter>
    </ClInclude>
    <ClInclude Include="OglCube.h">
      <Filter>헤더 파일</Filter>
    </ClInclude>
    <ClInclude Include="OglLightMtl.h">
      <Filter>헤더 파일</Filter>
    </ClInclude>
    <ClInclude Include="OglScreen.h">
      <Filter>헤더 파일</Filter>
    </ClInclude>
    <ClInclude Include="OglSphere.h">
      <Filter>헤더 파일</Filter>
    </ClInclude>
    <ClInclude Include="stb_image.h">
      <Filter>헤더 파일</Filter>
    </ClInclude>
    <ClInclude Include="MyScreen.h">
      <Filter>헤더 파일</Filter>
    </ClInclude>
    <ClInclude Include="CDlgGameObj.h">
      <Filter>헤더 파일</Filter>
    </ClInclude>
    <ClInclude Include="CDlgLight.h">
      <Filter>헤더 파일</Filter>
    </ClInclude>
    <ClInclude Include="OglTransform.h">
      <Filter>헤더 파일</Filter>
    </ClInclude>
    <ClInclude Include="..\..\OpenGL_2025_2-main\MgHead\Vector3.h">
      <Filter>헤더 파일</Filter>
    </ClInclude>
    <ClInclude Include="..\..\OpenGL_2025_2-main\MgHead\ObjFile.h">
      <Filter>헤더 파일</Filter>
    </ClInclude>
    <ClInclude Include="OglCylinder.h">
      <Filter>헤더 파일</Filter>
    </ClInclude>
  </ItemGroup>
  <ItemGroup>
    <ClCompile Include="UnityModeler.cpp">
      <Filter>소스 파일</Filter>
    </ClCompile>
    <ClCompile Include="UnityModelerDlg.cpp">
      <Filter>소스 파일</Filter>
    </ClCompile>
    <ClCompile Include="pch.cpp">
      <Filter>소스 파일</Filter>
    </ClCompile>
    <ClCompile Include="OglCube.cpp">
      <Filter>소스 파일</Filter>
    </ClCompile>
    <ClCompile Include="OglLightMtl.cpp">
      <Filter>소스 파일</Filter>
    </ClCompile>
    <ClCompile Include="OglScreen.cpp">
      <Filter>소스 파일</Filter>
    </ClCompile>
    <ClCompile Include="OglSphere.cpp">
      <Filter>소스 파일</Filter>
    </ClCompile>
    <ClCompile Include="MyScreen.cpp">
      <Filter>소스 파일</Filter>
    </ClCompile>
    <ClCompile Include="CDlgGameObj.cpp">
      <Filter>소스 파일</Filter>
    </ClCompile>
    <ClCompile Include="CDlgLight.cpp">
      <Filter>소스 파일</Filter>
    </ClCompile>
    <ClCompile Include="OglTransform.cpp">
      <Filter>소스 파일</Filter>
    </ClCompile>
    <ClCompile Include="..\..\OpenGL_2025_2-main\MgHead\ObjFile.cpp">
      <Filter>소스 파일</Filter>
    </ClCompile>
    <ClCompile Include="OglCylinder.cpp">
      <Filter>소스 파일</Filter>
    </ClCompile>
  </ItemGroup>
  <ItemGroup>
    <ResourceCompile Include="UnityModeler.rc">
      <Filter>리소스 파일</Filter>
    </ResourceCompile>
  </ItemGroup>
  <ItemGroup>
    <None Include="res\UnityModeler.rc2">
      <Filter>리소스 파일</Filter>
    </None>
    <None Include="packages.config" />
  </ItemGroup>
  <ItemGroup>
    <Image Include="res\UnityModeler.ico">
      <Filter>리소스 파일</Filter>
    </Image>
  </ItemGroup>
</Project>